{
    "composer/package-versions-deprecated": {
        "version": "1.11.99.5"
    },
    "erusev/parsedown": {
        "version": "1.7.4"
    },
    "masterminds/html5": {
        "version": "2.7.5"
    },
    "monolog/monolog": {
        "version": "3.0.0"
    },
    "phpdocumentor/reflection-common": {
        "version": "2.2.0"
    },
    "phpdocumentor/reflection-docblock": {
        "version": "5.3.0"
    },
    "phpdocumentor/type-resolver": {
        "version": "1.6.1"
    },
    "psr/cache": {
        "version": "3.0.0"
    },
    "psr/container": {
        "version": "2.0.2"
    },
    "psr/event-dispatcher": {
        "version": "1.0.0"
    },
    "psr/log": {
        "version": "3.0.0"
    },
    "stenope/stenope": {
        "version": "0.x-dev"
    },
    "symfony/asset": {
        "version": "v6.1.0-RC1"
    },
    "symfony/cache": {
        "version": "v6.1.0-RC1"
    },
    "symfony/cache-contracts": {
        "version": "v3.0.1"
    },
    "symfony/config": {
        "version": "v6.1.0-RC1"
    },
    "symfony/console": {
        "version": "5.4",
        "recipe": {
            "repo": "github.com/symfony/recipes",
            "branch": "master",
            "version": "5.3",
            "ref": "da0c8be8157600ad34f10ff0c9cc91232522e047"
        },
        "files": [
            "bin/console"
        ]
    },
    "symfony/css-selector": {
        "version": "v6.1.0-RC1"
    },
    "symfony/debug-bundle": {
        "version": "6.1",
        "recipe": {
            "repo": "github.com/symfony/recipes",
            "branch": "main",
            "version": "5.3",
            "ref": "5aa8aa48234c8eb6dbdd7b3cd5d791485d2cec4b"
        },
        "files": [
            "config/packages/debug.yaml"
        ]
    },
    "symfony/dependency-injection": {
        "version": "v6.1.0-RC1"
    },
    "symfony/deprecation-contracts": {
        "version": "v3.0.1"
    },
    "symfony/dom-crawler": {
        "version": "v6.1.0-RC1"
    },
    "symfony/dotenv": {
        "version": "v6.1.0-RC1"
    },
    "symfony/error-handler": {
        "version": "v6.1.0-RC1"
    },
    "symfony/event-dispatcher": {
        "version": "v6.1.0-RC1"
    },
    "symfony/event-dispatcher-contracts": {
        "version": "v3.0.1"
    },
    "symfony/filesystem": {
        "version": "v6.1.0-RC1"
    },
    "symfony/finder": {
        "version": "v6.1.0-RC1"
    },
    "symfony/flex": {
        "version": "1.19",
        "recipe": {
            "repo": "github.com/symfony/recipes",
            "branch": "main",
            "version": "1.0",
            "ref": "146251ae39e06a95be0fe3d13c807bcf3938b172"
        },
        "files": [
            ".env"
        ]
    },
    "symfony/framework-bundle": {
        "version": "6.4",
        "recipe": {
            "repo": "github.com/symfony/recipes",
            "branch": "main",
            "version": "6.4",
            "ref": "a91c965766ad3ff2ae15981801643330eb42b6a5"
        },
        "files": [
            "config/packages/cache.yaml",
            "config/packages/framework.yaml",
            "config/preload.php",
            "config/routes/framework.yaml",
            "config/services.yaml",
            "public/index.php",
            "src/Controller/.gitignore",
            "src/Kernel.php"
        ]
    },
    "symfony/http-foundation": {
        "version": "v6.1.0-RC1"
    },
    "symfony/http-kernel": {
        "version": "v6.1.0-RC1"
    },
    "symfony/mime": {
        "version": "v6.1.0-RC1"
    },
    "symfony/monolog-bridge": {
        "version": "v6.1.0-RC1"
    },
    "symfony/monolog-bundle": {
        "version": "3.10",
        "recipe": {
            "repo": "github.com/symfony/recipes",
            "branch": "main",
            "version": "3.7",
            "ref": "aff23899c4440dd995907613c1dd709b6f59503f"
        },
        "files": [
            "config/packages/monolog.yaml"
        ]
    },
    "symfony/polyfill-intl-grapheme": {
        "version": "v1.25.0"
    },
    "symfony/polyfill-intl-idn": {
        "version": "v1.25.0"
    },
    "symfony/polyfill-intl-normalizer": {
        "version": "v1.25.0"
    },
    "symfony/polyfill-mbstring": {
        "version": "v1.25.0"
    },
    "symfony/process": {
        "version": "v6.1.0-RC1"
    },
    "symfony/property-access": {
        "version": "v6.1.0-RC1"
    },
    "symfony/property-info": {
        "version": "v6.1.0-RC1"
    },
    "symfony/routing": {
        "version": "6.2",
        "recipe": {
            "repo": "github.com/symfony/recipes",
            "branch": "main",
            "version": "6.2",
            "ref": "e0a11b4ccb8c9e70b574ff5ad3dfdcd41dec5aa6"
        },
        "files": [
            "config/packages/routing.yaml",
            "config/routes.yaml"
        ]
    },
    "symfony/runtime": {
        "version": "v6.1.0-RC1"
    },
    "symfony/serializer": {
        "version": "v6.1.0-RC1"
    },
    "symfony/service-contracts": {
        "version": "v3.0.1"
    },
    "symfony/stopwatch": {
        "version": "v6.1.0-RC1"
    },
    "symfony/string": {
        "version": "v6.1.0-RC1"
    },
    "symfony/translation-contracts": {
        "version": "v2.5.1"
    },
    "symfony/twig-bridge": {
        "version": "v6.1.0-RC1"
    },
    "symfony/twig-bundle": {
        "version": "6.4",
        "recipe": {
            "repo": "github.com/symfony/recipes",
            "branch": "main",
            "version": "6.4",
            "ref": "cab5fd2a13a45c266d45a7d9337e28dee6272877"
        },
        "files": [
            "config/packages/twig.yaml",
            "templates/base.html.twig"
        ]
    },
    "symfony/var-dumper": {
        "version": "v6.1.0-RC1"
    },
    "symfony/var-exporter": {
        "version": "v6.1.0-RC1"
    },
    "symfony/web-profiler-bundle": {
        "version": "6.2",
        "recipe": {
            "repo": "github.com/symfony/recipes",
            "branch": "main",
            "version": "6.1",
            "ref": "e42b3f0177df239add25373083a564e5ead4e13a"
        },
        "files": [
            "config/packages/web_profiler.yaml",
            "config/routes/web_profiler.yaml"
        ]
    },
    "symfony/webpack-encore-bundle": {
        "version": "2.1",
        "recipe": {
            "repo": "github.com/symfony/recipes",
            "branch": "main",
            "version": "2.0",
            "ref": "082d754b3bd54b3fc669f278f1eea955cfd23cf5"
        },
        "files": [
            "assets/app.js",
            "assets/styles/app.css",
            "config/packages/webpack_encore.yaml",
            "package.json",
            "webpack.config.js"
        ]
    },
    "symfony/yaml": {
        "version": "v6.1.0-RC1"
    },
    "twig/extra-bundle": {
        "version": "v3.4.0"
    },
    "twig/twig": {
        "version": "v3.4.1"
    },
    "webmozart/assert": {
        "version": "1.10.0"
    }
}
